
Microsoft Visual Studio Solution File, Format Version 12.00
# Visual Studio Version 16
VisualStudioVersion = 16.0.31129.286
MinimumVisualStudioVersion = 10.0.40219.1
Project("{FAE04EC0-301F-11D3-BF4B-00C04F79EFBC}") = "NuxFront", "NuxFront\NuxFront.csproj", "{80C2B79E-2727-4D45-BEE5-7B3C17AECCB7}"
EndProject
Global
	GlobalSection(SolutionConfigurationPlatforms) = preSolution
		Debug|Any CPU = Debug|Any CPU
		Release|Any CPU = Release|Any CPU
	EndGlobalSection
	GlobalSection(ProjectConfigurationPlatforms) = postSolution
		{80C2B79E-2727-4D45-BEE5-7B3C17AECCB7}.Debug|Any CPU.ActiveCfg = Debug|Any CPU
		{80C2B79E-2727-4D45-BEE5-7B3C17AECCB7}.Debug|Any CPU.Build.0 = Debug|Any CPU
		{80C2B79E-2727-4D45-BEE5-7B3C17AECCB7}.Release|Any CPU.ActiveCfg = Release|Any CPU
		{80C2B79E-2727-4D45-BEE5-7B3C17AECCB7}.Release|Any CPU.Build.0 = Release|Any CPU
	EndGlobalSection
	GlobalSection(SolutionProperties) = preSolution
		HideSolutionNode = FALSE
	EndGlobalSection
	GlobalSection(ExtensibilityGlobals) = postSolution
		SolutionGuid = {564DC751-A666-4406-8E3E-E5A36EEBE73C}
	EndGlobalSection
EndGlobal
